# This file was autogenerated by Stack.
# You should not edit this file by hand.
# For more information, please see the documentation at:
#   https://docs.haskellstack.org/en/stable/lock_files

packages:
- completed:
    hackage: c14n-0.1.0.1@sha256:c56a513c1363d126ee704656b59d2e2af1cfe878587a97cb69ab0122b82e2d4d,1371
    pantry-tree:
      size: 285
      sha256: 67187305166a25d10cb133378ae89c3d76d51ee756edd757a84f71f176eb61e7
  original:
    hackage: c14n-0.1.0.1@sha256:c56a513c1363d126ee704656b59d2e2af1cfe878587a97cb69ab0122b82e2d4d,1371
snapshots:
- completed:
    size: 567677
    url: https://raw.githubusercontent.com/commercialhaskell/stackage-snapshots/master/lts/17/14.yaml
    sha256: 3740f22286bf5e6e3d82f88125e1c708b6e27847211f956b530aa5d83cf39383
  original: lts-17.14
