# This file was autogenerated by Stack.
# You should not edit this file by hand.
# For more information, please see the documentation at:
#   https://docs.haskellstack.org/en/stable/lock_files

packages:
- completed:
    hackage: c14n-0.1.0.3@sha256:71d230741cbe6023e3b3ef43c4acf79d18cc3631d956b2261e4a170302baaebc,1163
    pantry-tree:
      sha256: 86277e6f592859bb078ebac3fa6d71880f0079858c1f1ca64c38885586e1b4f8
      size: 285
  original:
    hackage: c14n-0.1.0.3
snapshots:
- completed:
    sha256: 6d1532d40621957a25bad5195bfca7938e8a06d923c91bc52aa0f3c41181f2d4
    size: 619204
    url: https://raw.githubusercontent.com/commercialhaskell/stackage-snapshots/master/lts/19/33.yaml
  original: lts-19.33
