# This file was autogenerated by Stack.
# You should not edit this file by hand.
# For more information, please see the documentation at:
#   https://docs.haskellstack.org/en/stable/topics/lock_files

packages:
- completed:
    hackage: crypton-x509-1.7.7@sha256:bc5834cabe1a301ff1ab50f373a50b5ce237ea4ea01f008f554544ab8cae1686,2268
    pantry-tree:
      sha256: 6f7cda7e46beea503d7eebc8ad8b8c650a4d587826efb8616038c42b1d915292
      size: 1080
  original:
    hackage: crypton-x509-1.7.7@sha256:bc5834cabe1a301ff1ab50f373a50b5ce237ea4ea01f008f554544ab8cae1686,2268
- completed:
    hackage: crypton-x509-store-1.6.10@sha256:a8cf7a1ead6dbdbb5693a4d145c2dff37b9a25d082e5702686f822662087dd1b,1751
    pantry-tree:
      sha256: 2e652cc82081dbbd7e4fb91407f5db439b86606d31dca2c171b10b43893db936
      size: 406
  original:
    hackage: crypton-x509-store-1.6.10@sha256:a8cf7a1ead6dbdbb5693a4d145c2dff37b9a25d082e5702686f822662087dd1b,1751
snapshots:
- completed:
    sha256: a81fb3877c4f9031e1325eb3935122e608d80715dc16b586eb11ddbff8671ecd
    size: 640086
    url: https://raw.githubusercontent.com/commercialhaskell/stackage-snapshots/master/lts/21/25.yaml
  original: lts-21.25
