# This file was autogenerated by Stack.
# You should not edit this file by hand.
# For more information, please see the documentation at:
#   https://docs.haskellstack.org/en/stable/lock_files

packages:
- completed:
    hackage: c14n-0.1.0.0@sha256:01e67f2c70abec2930575ba2f31a9ae3e5abed5d088dd24571c834016bee08ba,1234
    pantry-tree:
      size: 285
      sha256: 64c3b212e62628294035a086d6a75248c04926e2df9eeb80cf6859255dd4bcca
  original:
    hackage: c14n-0.1.0.0@sha256:01e67f2c70abec2930575ba2f31a9ae3e5abed5d088dd24571c834016bee08ba,1234
snapshots:
- completed:
    size: 531237
    url: https://raw.githubusercontent.com/commercialhaskell/stackage-snapshots/master/lts/16/1.yaml
    sha256: 954b6b14b0c8130732cf4773f7ebb4efc9a44600d1a5265d142868bf93462bc6
  original: lts-16.1
